lockfile_version = 3

[[realization]]
realization_hash = "b3:cbece8b34ad19af1f6a216582adb4b2547725d234708601c6d3b78e8cee02772"
name = "moonstone/lua"
version = "5.4.7"
kind = "runtime"
recipe_hash = "b3:c54cebb26a23552ab3ce13eb1fadef7a8fee8133bd1be4d5f4d900aab59afce0"
artifact_hash = "b3:c93068e49db579e7b12639eed8bd5706aa84a997601ff776d8a4e7ef8d163077"
replay_mode = "artifact_only"
runtime = "moonstone/lua"
lua_abi = "5.4"
target = "aarch64-macos"
constellation = "default"
source_kind = "runtime"
resolver = "moonstone"

[[realization]]
realization_hash = "b3:3645eac113628b3eaa14809fa7fad9a7fe5158073912ba7207dcf0832004a325"
name = "moonstone/ballad"
version = "0.3.5"
kind = "bin"
source_hash = "b3:22d42cd46ab8f03bc694ee729f592b8398bc50e4efa89d172a9810e857ee8a68"
recipe_hash = "b3:14891f6124f3ad6c8dfa8382e21bd7c82fdfda773ef0ae99f56dc66342cd8f80"
artifact_hash = "b3:22d42cd46ab8f03bc694ee729f592b8398bc50e4efa89d172a9810e857ee8a68"
replay_mode = "artifact_only"
runtime = "5.4"
lua_abi = "5.1"
target = "aarch64-macos"
constellation = "default"
source = "https://github.com/moonstone-sh/ballad/releases/download/v0.3.5/ballad-0.3.5-any.tar.gz"
source_kind = "bin"
source_payload = "sources/blob.tar.gz"
resolver = "moonstone"
registry = "moonstone"
roles = ["tool"]

[[realization]]
realization_hash = "b3:e28fbba5dd6f8c8537e56ff3901b27aaed01a6d4f6e2a116d5dc7e0adebae852"
name = "moonstone/luajit"
version = "2.1.0"
kind = "runtime"
source_hash = "b3:eb0e3baf280c1ae61596f94c85159d83b2ff99d0a2b8573a2605687ac1156b40"
recipe_hash = "b3:f0d64b5107def3bee5a8cb5c28578995ee6516bd4d1485fb979c4261ba81e7c1"
artifact_hash = "b3:f4d32a967447c8d87a709c01fa5229748de4054e51dfa073e0ad1e61c2683bbf"
replay_mode = "artifact_only"
runtime = "5.4"
lua_abi = "lua51"
target = "aarch64-macos"
constellation = "default"
source = "blobs/b3/f4/d3/f4d32a967447c8d87a709c01fa5229748de4054e51dfa073e0ad1e61c2683bbf.tar.zst"
source_kind = "luajit_source"
source_payload = "sources/source.tar.gz"
source_url = "blobs/b3/eb/0e/eb0e3baf280c1ae61596f94c85159d83b2ff99d0a2b8573a2605687ac1156b40.tar.gz"
resolver = "moonstone"
registry = "moonstone"

[[realization]]
realization_hash = "b3:b7fcbf3ca6bb31ed6d65f3657da7ab3ef7b8e154d09745acccfbed8ca547003f"
name = "dkjson"
version = "2.11-1"
kind = "lib"
source_hash = "b3:736026c095d0d92f41d668c8bab1c02f58902d677326cbeca0fb592092b214a3"
recipe_hash = "b3:4ea373890e07a8437000ff8cc95ce1ac2c2e6db3676153eb5846fdab1db4780b"
artifact_hash = "b3:bd1bdb75d6b3abd7721a3085ec6b11a48d27f0e6d2902866b584f8646eaf0d0a"
replay_mode = "portable_source"
runtime = "5.4"
lua_abi = "5.4"
target = "aarch64-macos"
constellation = "default"
source = "https://luarocks.org/dkjson-2.11-1.src.rock"
source_kind = "luarocks_src_rock"
source_payload = "sources/dkjson-2.11-1.src.rock"
rockspec = "https://luarocks.org/dkjson-2.11-1.rockspec"
rockspec_hash = "b3:f435b6b2f3924979d1a69598935ee7de27f35dbaa5dfa6b36aeda2f5f7356c44"
rockspec_payload = "sources/dkjson-2.11-1.rockspec"
resolver = "rocks"
roles = ["tool"]

[[profile]]
id = "aarch64-macos+moonstone/lua+5.4"
target = "aarch64-macos"
runtime = "moonstone/lua"
lua_abi = "5.4"
packages = [{ name = "moonstone/lua", version = "5.4.7", realization_hash = "b3:cbece8b34ad19af1f6a216582adb4b2547725d234708601c6d3b78e8cee02772" }, { name = "moonstone/ballad", version = "0.3.5", realization_hash = "b3:3645eac113628b3eaa14809fa7fad9a7fe5158073912ba7207dcf0832004a325" }, { name = "moonstone/luajit", version = "2.1.0", realization_hash = "b3:e28fbba5dd6f8c8537e56ff3901b27aaed01a6d4f6e2a116d5dc7e0adebae852" }, { name = "dkjson", version = "2.11-1", realization_hash = "b3:b7fcbf3ca6bb31ed6d65f3657da7ab3ef7b8e154d09745acccfbed8ca547003f" }]
edges = []
