lockfile_version = 3

[[realization]]
realization_hash = "b3:70450bffb55f4ac4314dd2c3372aaea06077e93d64b8c0a108e54499f14ffbcb"
name = "moonstone/lua"
version = "5.4.9"
kind = "runtime"
source_hash = "b3:39bfa29bd95756b038e2f42deb93e325b9f7f2b80951a5a66a0f1b5639ee50c7"
recipe_hash = "b3:72c64a363368b9c6cd18a1d2ec7c5b2e99921e7c9b3b1d4e830a0bfcf821805b"
artifact_hash = "b3:39bfa29bd95756b038e2f42deb93e325b9f7f2b80951a5a66a0f1b5639ee50c7"
replay_mode = "artifact_only"
runtime = "moonstone/lua"
lua_abi = "5.4"
target = "aarch64-macos"
constellation = "default"
source_kind = "runtime"
resolver = "moonstone"

[[realization]]
realization_hash = "b3:31e23a043c8559df745ee927747729658cfeab8420a88f35c33252cda77f01dd"
name = "moonstone/alter-jsonc"
version = "0.1.1"
kind = "lib"
source_hash = "b3:f257bec3b1952c4dd65da2bde226d77522a0a652fb8fec93b9b319d0736ee55c"
recipe_hash = "b3:115167f8d43a0828db4bf05aefdaf5111c2caca56af1d89f8a954b9fc5658686"
artifact_hash = "b3:f39b44ed3497bd78bb8897b33c67e2f292b9a7f4cde18a85b8926f91564c794e"
replay_mode = "artifact_only"
runtime = "5.4"
lua_abi = ""
target = "aarch64-macos"
constellation = "default"
source = "blobs/b3/f2/57/f257bec3b1952c4dd65da2bde226d77522a0a652fb8fec93b9b319d0736ee55c.tar.gz"
source_kind = "source"
source_payload = "sources/blob.tar.gz"
resolver = "moonstone"
registry = "moonstone"
roles = ["runtime"]

[[realization]]
realization_hash = "b3:5057aeaaa6ad3b6d1c2190b27a4e6b3e8b87befc52f19a3fe1f8ff34a95d703c"
name = "moonstone/alter"
version = "0.1.1"
kind = "lib"
source_hash = "b3:26d86055abf0730b3a5bcaa342556c6fceb64713fdcc248ee9462b2c7781fe4a"
recipe_hash = "b3:814d85d3e911737170615e4186ed14024d32ff327ce768fe8a33163a6f2076d6"
artifact_hash = "b3:aab08713fb761266b4cdd63a69b685def9513216360e868fb5dc282d16dce07a"
replay_mode = "artifact_only"
runtime = "5.4"
lua_abi = ""
target = "aarch64-macos"
constellation = "default"
source = "blobs/b3/26/d8/26d86055abf0730b3a5bcaa342556c6fceb64713fdcc248ee9462b2c7781fe4a.tar.gz"
source_kind = "source"
source_payload = "sources/blob.tar.gz"
resolver = "moonstone"
registry = "moonstone"
roles = ["runtime"]

[[realization]]
realization_hash = "b3:e78f5109278bbf373fd3eb55fa8c107a506e5b6b8f5d5f6b5b6447bb21a5fbce"
name = "moonstone/alter-json"
version = "0.1.1"
kind = "lib"
source_hash = "b3:f0a9e212d53c80a956daac20fe2d03b947f8dc89d59fb086658682f029de8f93"
recipe_hash = "b3:4da70c5fb36ceb7f608995ffdb72e7f2a7d949c6f553c756f96f43d1c9dce4ba"
artifact_hash = "b3:8e607bd37ed1e3568b2871ae185d8dec28f7c4e5f046517e0c5f40d6ffa86569"
replay_mode = "artifact_only"
runtime = "5.4"
lua_abi = ""
target = "aarch64-macos"
constellation = "default"
source = "blobs/b3/f0/a9/f0a9e212d53c80a956daac20fe2d03b947f8dc89d59fb086658682f029de8f93.tar.gz"
source_kind = "source"
source_payload = "sources/blob.tar.gz"
resolver = "moonstone"
registry = "moonstone"
roles = ["runtime"]

[[realization]]
realization_hash = "b3:48d2a97dc15ec429ce27b2a3fef8dca6ac1165992d59dc92f4e7fe92602e8808"
name = "moonstone/ballad"
version = "0.3.7"
kind = "bin"
source_hash = "b3:ff606883f3629edd39664ab299a91fe34136eb72ea72ac0ea78208d0dfd3ef42"
recipe_hash = "b3:c1a79b1734e439e17445a131b73cc8a0bcafcb3ab81679f1297219e94b90387a"
artifact_hash = "b3:ff606883f3629edd39664ab299a91fe34136eb72ea72ac0ea78208d0dfd3ef42"
replay_mode = "artifact_only"
runtime = "5.4"
lua_abi = "5.1"
target = "aarch64-macos"
constellation = "default"
source = "https://github.com/moonstone-sh/ballad/releases/download/v0.3.7/ballad-0.3.7-any.tar.gz"
source_kind = "bin"
source_payload = "sources/blob.tar.gz"
resolver = "moonstone"
registry = "moonstone"
roles = ["tool"]

[[realization]]
realization_hash = "b3:b20716a4f44fb71859e329978d3012b62dfbc1a0a2d93441636a4d2a33c61be5"
name = "moonstone/luajit"
version = "2.1.0"
kind = "runtime"
source_hash = "b3:eb0e3baf280c1ae61596f94c85159d83b2ff99d0a2b8573a2605687ac1156b40"
recipe_hash = "b3:f0d64b5107def3bee5a8cb5c28578995ee6516bd4d1485fb979c4261ba81e7c1"
artifact_hash = "b3:f4d32a967447c8d87a709c01fa5229748de4054e51dfa073e0ad1e61c2683bbf"
replay_mode = "artifact_only"
runtime = "5.4"
lua_abi = "lua51"
target = "aarch64-macos"
constellation = "default"
source = "blobs/b3/f4/d3/f4d32a967447c8d87a709c01fa5229748de4054e51dfa073e0ad1e61c2683bbf.tar.zst"
source_kind = "runtime"
source_payload = "sources/blob.tar.zst"
source_url = "blobs/b3/eb/0e/eb0e3baf280c1ae61596f94c85159d83b2ff99d0a2b8573a2605687ac1156b40.tar.gz"
resolver = "moonstone"
registry = "moonstone"

[[realization]]
realization_hash = "b3:83f357e822d13e04690ed9b8cf7a6774e1443b6b6a8499c8ed3994c406735b35"
name = "dkjson"
version = "2.11-1"
kind = "lib"
source_hash = "b3:736026c095d0d92f41d668c8bab1c02f58902d677326cbeca0fb592092b214a3"
recipe_hash = "b3:d87171c0c184155fce27b80e492477d439774862a26070e2f29a77f033376f86"
artifact_hash = "b3:bd1bdb75d6b3abd7721a3085ec6b11a48d27f0e6d2902866b584f8646eaf0d0a"
replay_mode = "portable_source"
runtime = "5.4"
lua_abi = "5.4"
target = "aarch64-macos"
constellation = "default"
source = "https://luarocks.org/dkjson-2.11-1.src.rock"
source_kind = "luarocks_src_rock"
source_payload = "sources/dkjson-2.11-1.src.rock"
rockspec = "https://luarocks.org/dkjson-2.11-1.rockspec"
rockspec_hash = "b3:f435b6b2f3924979d1a69598935ee7de27f35dbaa5dfa6b36aeda2f5f7356c44"
rockspec_payload = "sources/dkjson-2.11-1.rockspec"
resolver = "rocks"
registry = "rocks"
roles = ["tool"]

[[realization]]
realization_hash = "b3:5f5e8a279958771443552483f88d5bc409120d1bfb4e16768d8c2f26e27c1878"
name = "moonstone/lua"
version = "5.4.9"
kind = "runtime"
source_hash = "b3:dde067cacdbcad3264f1e70795c65ebedae993e3ea4248c230f3113b6657ee48"
recipe_hash = "b3:bd6ed03771f4374f7e25222c0f9b6f99c8459689d9d5039aa984bc83a7714e40"
artifact_hash = "b3:dde067cacdbcad3264f1e70795c65ebedae993e3ea4248c230f3113b6657ee48"
replay_mode = "artifact_only"
runtime = "moonstone/lua"
lua_abi = "5.4"
target = "x86_64-linux-gnu"
constellation = "default"
source_kind = "runtime"
resolver = "moonstone"

[[realization]]
realization_hash = "b3:fcdf78ae90e29d480679ebfe5be57f023fc3a179daba15be9f1235a10dc550dd"
name = "moonstone/alter-jsonc"
version = "0.1.1"
kind = "lib"
source_hash = "b3:f257bec3b1952c4dd65da2bde226d77522a0a652fb8fec93b9b319d0736ee55c"
recipe_hash = "b3:115167f8d43a0828db4bf05aefdaf5111c2caca56af1d89f8a954b9fc5658686"
artifact_hash = "b3:f39b44ed3497bd78bb8897b33c67e2f292b9a7f4cde18a85b8926f91564c794e"
replay_mode = "artifact_only"
runtime = "5.4"
lua_abi = ""
target = "x86_64-linux-gnu"
constellation = "default"
source = "blobs/b3/f2/57/f257bec3b1952c4dd65da2bde226d77522a0a652fb8fec93b9b319d0736ee55c.tar.gz"
source_kind = "source"
source_payload = "sources/blob.tar.gz"
resolver = "moonstone"
registry = "moonstone"
roles = ["runtime"]

[[realization]]
realization_hash = "b3:37c1a4ccf24fec686f048393f19a8895661165dfd1af74bc6e73aab78a271cce"
name = "moonstone/alter"
version = "0.1.1"
kind = "lib"
source_hash = "b3:26d86055abf0730b3a5bcaa342556c6fceb64713fdcc248ee9462b2c7781fe4a"
recipe_hash = "b3:814d85d3e911737170615e4186ed14024d32ff327ce768fe8a33163a6f2076d6"
artifact_hash = "b3:aab08713fb761266b4cdd63a69b685def9513216360e868fb5dc282d16dce07a"
replay_mode = "artifact_only"
runtime = "5.4"
lua_abi = ""
target = "x86_64-linux-gnu"
constellation = "default"
source = "blobs/b3/26/d8/26d86055abf0730b3a5bcaa342556c6fceb64713fdcc248ee9462b2c7781fe4a.tar.gz"
source_kind = "source"
source_payload = "sources/blob.tar.gz"
resolver = "moonstone"
registry = "moonstone"
roles = ["runtime"]

[[realization]]
realization_hash = "b3:053336c479fea4c546ae0028384a75fa5390d5221b71050b3f15f2328173adbb"
name = "moonstone/alter-json"
version = "0.1.1"
kind = "lib"
source_hash = "b3:f0a9e212d53c80a956daac20fe2d03b947f8dc89d59fb086658682f029de8f93"
recipe_hash = "b3:4da70c5fb36ceb7f608995ffdb72e7f2a7d949c6f553c756f96f43d1c9dce4ba"
artifact_hash = "b3:8e607bd37ed1e3568b2871ae185d8dec28f7c4e5f046517e0c5f40d6ffa86569"
replay_mode = "artifact_only"
runtime = "5.4"
lua_abi = ""
target = "x86_64-linux-gnu"
constellation = "default"
source = "blobs/b3/f0/a9/f0a9e212d53c80a956daac20fe2d03b947f8dc89d59fb086658682f029de8f93.tar.gz"
source_kind = "source"
source_payload = "sources/blob.tar.gz"
resolver = "moonstone"
registry = "moonstone"
roles = ["runtime"]

[[realization]]
realization_hash = "b3:1832cca557a1533ca721b366edfa0120d76f1c54db6d66a99e64f678c62ef1e4"
name = "moonstone/ballad"
version = "0.3.7"
kind = "bin"
source_hash = "b3:ff606883f3629edd39664ab299a91fe34136eb72ea72ac0ea78208d0dfd3ef42"
recipe_hash = "b3:c1a79b1734e439e17445a131b73cc8a0bcafcb3ab81679f1297219e94b90387a"
artifact_hash = "b3:ff606883f3629edd39664ab299a91fe34136eb72ea72ac0ea78208d0dfd3ef42"
replay_mode = "artifact_only"
runtime = "5.4"
lua_abi = "5.1"
target = "x86_64-linux-gnu"
constellation = "default"
source = "https://github.com/moonstone-sh/ballad/releases/download/v0.3.7/ballad-0.3.7-any.tar.gz"
source_kind = "bin"
source_payload = "sources/blob.tar.gz"
resolver = "moonstone"
registry = "moonstone"
roles = ["tool"]

[[realization]]
realization_hash = "b3:148d9d346bade8ed66e4fb999acead0d5a847dd09bf6f4e0a7fbfbfeff035af5"
name = "moonstone/luajit"
version = "2.1.0"
kind = "runtime"
source_hash = "b3:eb0e3baf280c1ae61596f94c85159d83b2ff99d0a2b8573a2605687ac1156b40"
recipe_hash = "b3:19bc15939f857b7dca6cc53942b049958b2cd82c0c10015a4d4d85f8e3ae9478"
artifact_hash = "b3:944315c9c5dae5dbefa301abac275b0d39fd2c11eaa286eba2c7f014df7628cb"
replay_mode = "artifact_only"
runtime = "5.4"
lua_abi = "lua51"
target = "x86_64-linux-gnu"
constellation = "default"
source = "blobs/b3/94/43/944315c9c5dae5dbefa301abac275b0d39fd2c11eaa286eba2c7f014df7628cb.tar.zst"
source_kind = "runtime"
source_payload = "sources/blob.tar.zst"
source_url = "blobs/b3/eb/0e/eb0e3baf280c1ae61596f94c85159d83b2ff99d0a2b8573a2605687ac1156b40.tar.gz"
resolver = "moonstone"
registry = "moonstone"

[[realization]]
realization_hash = "b3:b65f09e5852dbb322b9e7869bc7a8c9748a70e377e50b0c8d901769074a62e11"
name = "dkjson"
version = "2.11-1"
kind = "lib"
source_hash = "b3:736026c095d0d92f41d668c8bab1c02f58902d677326cbeca0fb592092b214a3"
recipe_hash = "b3:d87171c0c184155fce27b80e492477d439774862a26070e2f29a77f033376f86"
artifact_hash = "b3:bd1bdb75d6b3abd7721a3085ec6b11a48d27f0e6d2902866b584f8646eaf0d0a"
replay_mode = "portable_source"
runtime = "5.4"
lua_abi = "5.4"
target = "x86_64-linux-gnu"
constellation = "default"
source = "https://luarocks.org/dkjson-2.11-1.src.rock"
source_kind = "luarocks_src_rock"
source_payload = "sources/dkjson-2.11-1.src.rock"
rockspec = "https://luarocks.org/dkjson-2.11-1.rockspec"
rockspec_hash = "b3:f435b6b2f3924979d1a69598935ee7de27f35dbaa5dfa6b36aeda2f5f7356c44"
rockspec_payload = "sources/dkjson-2.11-1.rockspec"
resolver = "rocks"
registry = "rocks"
roles = ["tool"]

[[realization]]
realization_hash = "b3:9d00185b40021ec3ff5b46a9cf7c3b7b918f3b83ed4aa1d52f1d056088c0a9c6"
name = "moonstone/lua"
version = "5.4.9"
kind = "runtime"
recipe_hash = "b3:9ddef3514e834e33889eccd8b8526e6aa458749bdf5cd7a9b5063276257c50e4"
artifact_hash = "b3:39bfa29bd95756b038e2f42deb93e325b9f7f2b80951a5a66a0f1b5639ee50c7"
replay_mode = "artifact_only"
runtime = "moonstone/lua"
lua_abi = "5.4"
target = "aarch64-macos"
constellation = "default"
source_kind = "runtime"
resolver = "moonstone"

[[realization]]
realization_hash = "b3:2fe622d7c78e7c3f476cb357e5785aed6bd90fedcb9d27128dd87c93c1a91230"
name = "moonstone/clingy"
version = "0.2.0"
kind = "bin"
source_hash = "b3:756fd51d7fd5ec32ff404d6acfc09578d391bd12a0d2829d34321f58a9d6c1ee"
recipe_hash = "b3:68ed8f3dda88c8913f2538893871b44d1cdad52f27b5761a6c92738bc5d7d114"
artifact_hash = "b3:756fd51d7fd5ec32ff404d6acfc09578d391bd12a0d2829d34321f58a9d6c1ee"
replay_mode = "artifact_only"
runtime = "5.4"
lua_abi = "5.4"
target = "aarch64-macos"
constellation = "default"
source = "https://github.com/moonstone-sh/clingy/releases/download/v0.2.0/clingy-0.2.0-any.tar.gz"
source_kind = "bin"
source_payload = "sources/blob.tar.gz"
resolver = "store"
roles = ["runtime"]

[[realization]]
realization_hash = "b3:0b9ea65c242e77193e6aed152df02dd8dad882a5194bc9babad66bc2a040c681"
name = "moonstone/valua"
version = "0.2.6"
kind = "bin"
source_hash = "b3:016af550e6c9b2d1282ced2a6070feb36e751b88d8f374bd5a89ff02ce4b871b"
recipe_hash = "b3:87899bb6245bdf3a5377c6ed150ed74f5ca885db9b328e632b95187c2305a388"
artifact_hash = "b3:016af550e6c9b2d1282ced2a6070feb36e751b88d8f374bd5a89ff02ce4b871b"
replay_mode = "artifact_only"
runtime = "5.4"
lua_abi = "5.4"
target = "aarch64-macos"
constellation = "default"
source = "https://github.com/moonstone-sh/valua/releases/download/v0.2.6/valua-0.2.6-any.tar.gz"
source_kind = "bin"
source_payload = "sources/blob.tar.gz"
resolver = "store"
roles = ["runtime"]

[[realization]]
realization_hash = "b3:c33e1e51a6085ce9e098d48144e7562da041acdf753b2eac93ee4f8a64cfbc83"
name = "moonstone/alter"
version = "0.1.1"
kind = "lib"
source_hash = "b3:26d86055abf0730b3a5bcaa342556c6fceb64713fdcc248ee9462b2c7781fe4a"
recipe_hash = "b3:b756778c148d883855c57435227c4f5941fa956a3de5e05ecf09e2f14302a28d"
artifact_hash = "b3:aab08713fb761266b4cdd63a69b685def9513216360e868fb5dc282d16dce07a"
replay_mode = "artifact_only"
runtime = "5.4"
lua_abi = ""
target = "aarch64-macos"
constellation = "default"
source = "blobs/b3/26/d8/26d86055abf0730b3a5bcaa342556c6fceb64713fdcc248ee9462b2c7781fe4a.tar.gz"
source_kind = "source"
source_payload = "sources/blob.tar.gz"
resolver = "moonstone"
registry = "moonstone"
roles = ["runtime"]

[[realization]]
realization_hash = "b3:e39b7c9d8d155f039a5ca9bd97480b2736068a22c60da82b699dd50941831649"
name = "moonstone/alter-jsonc"
version = "0.1.1"
kind = "lib"
source_hash = "b3:f257bec3b1952c4dd65da2bde226d77522a0a652fb8fec93b9b319d0736ee55c"
recipe_hash = "b3:db1269a3526b1a721636602b5d162e6648357d4cfd1bfff4bb3110978cf25c59"
artifact_hash = "b3:f39b44ed3497bd78bb8897b33c67e2f292b9a7f4cde18a85b8926f91564c794e"
replay_mode = "artifact_only"
runtime = "5.4"
lua_abi = ""
target = "aarch64-macos"
constellation = "default"
source = "blobs/b3/f2/57/f257bec3b1952c4dd65da2bde226d77522a0a652fb8fec93b9b319d0736ee55c.tar.gz"
source_kind = "source"
source_payload = "sources/blob.tar.gz"
resolver = "moonstone"
registry = "moonstone"
roles = ["runtime"]

[[realization]]
realization_hash = "b3:c9d72c3374a3240cee1d85aa72e3e5fbbbbf9bd2b79bfe1c8676de0370accd0b"
name = "moonstone/alter-json"
version = "0.1.1"
kind = "lib"
source_hash = "b3:f0a9e212d53c80a956daac20fe2d03b947f8dc89d59fb086658682f029de8f93"
recipe_hash = "b3:7161d850c198fa57df8bb35976df0aecefe9c3d9d5362c9b17a21a564fb42e30"
artifact_hash = "b3:8e607bd37ed1e3568b2871ae185d8dec28f7c4e5f046517e0c5f40d6ffa86569"
replay_mode = "artifact_only"
runtime = "5.4"
lua_abi = ""
target = "aarch64-macos"
constellation = "default"
source = "blobs/b3/f0/a9/f0a9e212d53c80a956daac20fe2d03b947f8dc89d59fb086658682f029de8f93.tar.gz"
source_kind = "source"
source_payload = "sources/blob.tar.gz"
resolver = "moonstone"
registry = "moonstone"
roles = ["runtime"]

[[realization]]
realization_hash = "b3:48d2a97dc15ec429ce27b2a3fef8dca6ac1165992d59dc92f4e7fe92602e8808"
name = "moonstone/ballad"
version = "0.3.7"
kind = "bin"
source_hash = "b3:ff606883f3629edd39664ab299a91fe34136eb72ea72ac0ea78208d0dfd3ef42"
recipe_hash = "b3:c1a79b1734e439e17445a131b73cc8a0bcafcb3ab81679f1297219e94b90387a"
artifact_hash = "b3:ff606883f3629edd39664ab299a91fe34136eb72ea72ac0ea78208d0dfd3ef42"
replay_mode = "artifact_only"
runtime = "5.4"
lua_abi = "5.1"
target = "aarch64-macos"
constellation = "default"
source = "https://github.com/moonstone-sh/ballad/releases/download/v0.3.7/ballad-0.3.7-any.tar.gz"
source_kind = "bin"
source_payload = "sources/blob.tar.gz"
resolver = "moonstone"
registry = "moonstone"
roles = ["tool"]

[[realization]]
realization_hash = "b3:e28fbba5dd6f8c8537e56ff3901b27aaed01a6d4f6e2a116d5dc7e0adebae852"
name = "moonstone/luajit"
version = "2.1.0"
kind = "runtime"
source_hash = "b3:eb0e3baf280c1ae61596f94c85159d83b2ff99d0a2b8573a2605687ac1156b40"
recipe_hash = "b3:f0d64b5107def3bee5a8cb5c28578995ee6516bd4d1485fb979c4261ba81e7c1"
artifact_hash = "b3:f4d32a967447c8d87a709c01fa5229748de4054e51dfa073e0ad1e61c2683bbf"
replay_mode = "artifact_only"
runtime = "5.4"
lua_abi = "lua51"
target = "aarch64-macos"
constellation = "default"
source = "blobs/b3/f4/d3/f4d32a967447c8d87a709c01fa5229748de4054e51dfa073e0ad1e61c2683bbf.tar.zst"
source_kind = "luajit_source"
source_payload = "sources/source.tar.gz"
source_url = "blobs/b3/eb/0e/eb0e3baf280c1ae61596f94c85159d83b2ff99d0a2b8573a2605687ac1156b40.tar.gz"
resolver = "moonstone"
registry = "moonstone"

[[realization]]
realization_hash = "b3:83f357e822d13e04690ed9b8cf7a6774e1443b6b6a8499c8ed3994c406735b35"
name = "dkjson"
version = "2.11-1"
kind = "lib"
source_hash = "b3:736026c095d0d92f41d668c8bab1c02f58902d677326cbeca0fb592092b214a3"
recipe_hash = "b3:d87171c0c184155fce27b80e492477d439774862a26070e2f29a77f033376f86"
artifact_hash = "b3:bd1bdb75d6b3abd7721a3085ec6b11a48d27f0e6d2902866b584f8646eaf0d0a"
replay_mode = "portable_source"
runtime = "5.4"
lua_abi = "5.4"
target = "aarch64-macos"
constellation = "default"
source = "https://luarocks.org/dkjson-2.11-1.src.rock"
source_kind = "luarocks_src_rock"
source_payload = "sources/dkjson-2.11-1.src.rock"
rockspec = "https://luarocks.org/dkjson-2.11-1.rockspec"
rockspec_hash = "b3:f435b6b2f3924979d1a69598935ee7de27f35dbaa5dfa6b36aeda2f5f7356c44"
rockspec_payload = "sources/dkjson-2.11-1.rockspec"
resolver = "rocks"
registry = "rocks"
roles = ["tool"]

[[profile]]
id = "aarch64-macos+moonstone/lua+5.4"
target = "aarch64-macos"
runtime = "moonstone/lua"
lua_abi = "5.4"
packages = [{ name = "moonstone/lua", version = "5.4.9", realization_hash = "b3:9d00185b40021ec3ff5b46a9cf7c3b7b918f3b83ed4aa1d52f1d056088c0a9c6" }, { name = "moonstone/clingy", version = "0.2.0", realization_hash = "b3:2fe622d7c78e7c3f476cb357e5785aed6bd90fedcb9d27128dd87c93c1a91230" }, { name = "moonstone/valua", version = "0.2.6", realization_hash = "b3:0b9ea65c242e77193e6aed152df02dd8dad882a5194bc9babad66bc2a040c681" }, { name = "moonstone/alter", version = "0.1.1", realization_hash = "b3:c33e1e51a6085ce9e098d48144e7562da041acdf753b2eac93ee4f8a64cfbc83" }, { name = "moonstone/alter-jsonc", version = "0.1.1", realization_hash = "b3:e39b7c9d8d155f039a5ca9bd97480b2736068a22c60da82b699dd50941831649" }, { name = "moonstone/alter-json", version = "0.1.1", realization_hash = "b3:c9d72c3374a3240cee1d85aa72e3e5fbbbbf9bd2b79bfe1c8676de0370accd0b" }, { name = "moonstone/ballad", version = "0.3.7", realization_hash = "b3:48d2a97dc15ec429ce27b2a3fef8dca6ac1165992d59dc92f4e7fe92602e8808" }, { name = "moonstone/luajit", version = "2.1.0", realization_hash = "b3:e28fbba5dd6f8c8537e56ff3901b27aaed01a6d4f6e2a116d5dc7e0adebae852" }, { name = "dkjson", version = "2.11-1", realization_hash = "b3:83f357e822d13e04690ed9b8cf7a6774e1443b6b6a8499c8ed3994c406735b35" }]
edges = []

[[profile]]
id = "x86_64-linux-gnu+moonstone/lua+5.4"
target = "x86_64-linux-gnu"
runtime = "moonstone/lua"
lua_abi = "5.4"
packages = [{ name = "moonstone/lua", version = "5.4.9", realization_hash = "b3:5f5e8a279958771443552483f88d5bc409120d1bfb4e16768d8c2f26e27c1878" }, { name = "moonstone/alter-jsonc", version = "0.1.1", realization_hash = "b3:fcdf78ae90e29d480679ebfe5be57f023fc3a179daba15be9f1235a10dc550dd" }, { name = "moonstone/alter", version = "0.1.1", realization_hash = "b3:37c1a4ccf24fec686f048393f19a8895661165dfd1af74bc6e73aab78a271cce" }, { name = "moonstone/alter-json", version = "0.1.1", realization_hash = "b3:053336c479fea4c546ae0028384a75fa5390d5221b71050b3f15f2328173adbb" }, { name = "moonstone/ballad", version = "0.3.7", realization_hash = "b3:1832cca557a1533ca721b366edfa0120d76f1c54db6d66a99e64f678c62ef1e4" }, { name = "moonstone/luajit", version = "2.1.0", realization_hash = "b3:148d9d346bade8ed66e4fb999acead0d5a847dd09bf6f4e0a7fbfbfeff035af5" }, { name = "dkjson", version = "2.11-1", realization_hash = "b3:b65f09e5852dbb322b9e7869bc7a8c9748a70e377e50b0c8d901769074a62e11" }]
edges = []
