lockfile_version = 3

[[realization]]
realization_hash = "b3:cbece8b34ad19af1f6a216582adb4b2547725d234708601c6d3b78e8cee02772"
name = "moonstone/lua"
version = "5.4.7"
kind = "runtime"
recipe_hash = "b3:c54cebb26a23552ab3ce13eb1fadef7a8fee8133bd1be4d5f4d900aab59afce0"
artifact_hash = "b3:c93068e49db579e7b12639eed8bd5706aa84a997601ff776d8a4e7ef8d163077"
replay_mode = "artifact_only"
runtime = "moonstone/lua"
lua_abi = "5.4"
target = "aarch64-macos"
constellation = "default"
source_kind = "runtime"
resolver = "moonstone"

[[realization]]
realization_hash = "b3:b7fcbf3ca6bb31ed6d65f3657da7ab3ef7b8e154d09745acccfbed8ca547003f"
name = "dkjson"
version = "2.11-1"
kind = "lib"
source_hash = "b3:736026c095d0d92f41d668c8bab1c02f58902d677326cbeca0fb592092b214a3"
recipe_hash = "b3:4ea373890e07a8437000ff8cc95ce1ac2c2e6db3676153eb5846fdab1db4780b"
artifact_hash = "b3:bd1bdb75d6b3abd7721a3085ec6b11a48d27f0e6d2902866b584f8646eaf0d0a"
replay_mode = "portable_source"
runtime = "5.4"
lua_abi = "5.4"
target = "aarch64-macos"
constellation = "default"
source = "https://luarocks.org/dkjson-2.11-1.src.rock"
source_kind = "luarocks_src_rock"
source_payload = "sources/dkjson-2.11-1.src.rock"
rockspec = "https://luarocks.org/dkjson-2.11-1.rockspec"
rockspec_hash = "b3:f435b6b2f3924979d1a69598935ee7de27f35dbaa5dfa6b36aeda2f5f7356c44"
rockspec_payload = "sources/dkjson-2.11-1.rockspec"
resolver = "rocks"
roles = ["tool"]

[[realization]]
realization_hash = "b3:efdd00479c0a3346b5c7ad73f71cc08ac88ea4099fe4beb7efb2944ff5fcb61b"
name = "moonstone/ballad"
version = "0.3.5"
kind = "script"
recipe_hash = ""
artifact_hash = "path"
replay_mode = "artifact_only"
runtime = "5.4"
lua_abi = "5.4"
target = "aarch64-macos"
constellation = "default"
source = "/Users/extrordinaire/Workbench/user/valua/../ballad"
source_kind = "local_path"
resolver = "path"
roles = ["tool"]

[[profile]]
id = "aarch64-macos+moonstone/lua+5.4"
target = "aarch64-macos"
runtime = "moonstone/lua"
lua_abi = "5.4"
packages = [{ name = "moonstone/lua", version = "5.4.7", realization_hash = "b3:cbece8b34ad19af1f6a216582adb4b2547725d234708601c6d3b78e8cee02772" }, { name = "dkjson", version = "2.11-1", realization_hash = "b3:b7fcbf3ca6bb31ed6d65f3657da7ab3ef7b8e154d09745acccfbed8ca547003f" }, { name = "moonstone/ballad", version = "0.3.5", realization_hash = "b3:efdd00479c0a3346b5c7ad73f71cc08ac88ea4099fe4beb7efb2944ff5fcb61b" }]
edges = []
